// !$*UTF8*$!
{
	archiveVersion = 1;
	classes = {
	};
	objectVersion = 46;
	objects = {

/* Begin PBXBuildFile section */
		F80F06D6192F529E00C3CAA2 /* Foundation.framework in Frameworks */ = {isa = PBXBuildFile; fileRef = F80F06D5192F529E00C3CAA2 /* Foundation.framework */; };
		F80F06D8192F529E00C3CAA2 /* CoreGraphics.framework in Frameworks */ = {isa = PBXBuildFile; fileRef = F80F06D7192F529E00C3CAA2 /* CoreGraphics.framework */; };
		F80F06DA192F529E00C3CAA2 /* UIKit.framework in Frameworks */ = {isa = PBXBuildFile; fileRef = F80F06D9192F529E00C3CAA2 /* UIKit.framework */; };
		F80F06E0192F529E00C3CAA2 /* InfoPlist.strings in Resources */ = {isa = PBXBuildFile; fileRef = F80F06DE192F529E00C3CAA2 /* InfoPlist.strings */; };
		F80F06E2192F529E00C3CAA2 /* main.m in Sources */ = {isa = PBXBuildFile; fileRef = F80F06E1192F529E00C3CAA2 /* main.m */; };
		F80F06E6192F529E00C3CAA2 /* XXAppDelegate.m in Sources */ = {isa = PBXBuildFile; fileRef = F80F06E5192F529E00C3CAA2 /* XXAppDelegate.m */; };
		F80F06E8192F529E00C3CAA2 /* Images.xcassets in Resources */ = {isa = PBXBuildFile; fileRef = F80F06E7192F529E00C3CAA2 /* Images.xcassets */; };
		F80F06EF192F529E00C3CAA2 /* XCTest.framework in Frameworks */ = {isa = PBXBuildFile; fileRef = F80F06EE192F529E00C3CAA2 /* XCTest.framework */; };
		F80F06F0192F529E00C3CAA2 /* Foundation.framework in Frameworks */ = {isa = PBXBuildFile; fileRef = F80F06D5192F529E00C3CAA2 /* Foundation.framework */; };
		F80F06F1192F529E00C3CAA2 /* UIKit.framework in Frameworks */ = {isa = PBXBuildFile; fileRef = F80F06D9192F529E00C3CAA2 /* UIKit.framework */; };
		F80F06F9192F529E00C3CAA2 /* InfoPlist.strings in Resources */ = {isa = PBXBuildFile; fileRef = F80F06F7192F529E00C3CAA2 /* InfoPlist.strings */; };
		F80F06FB192F529E00C3CAA2 /* collectionViewsTests.m in Sources */ = {isa = PBXBuildFile; fileRef = F80F06FA192F529E00C3CAA2 /* collectionViewsTests.m */; };
/* End PBXBuildFile section */

/* Begin PBXContainerItemProxy section */
		F80F06F2192F529E00C3CAA2 /* PBXContainerItemProxy */ = {
			isa = PBXContainerItemProxy;
			containerPortal = F80F06CA192F529E00C3CAA2 /* Project object */;
			proxyType = 1;
			remoteGlobalIDString = F80F06D1192F529E00C3CAA2;
			remoteInfo = collectionViews;
		};
/* End PBXContainerItemProxy section */

/* Begin PBXFileReference section */
		F80F06D2192F529E00C3CAA2 /* collectionViews.app */ = {isa = PBXFileReference; explicitFileType = wrapper.application; includeInIndex = 0; path = collectionViews.app; sourceTree = BUILT_PRODUCTS_DIR; };
		F80F06D5192F529E00C3CAA2 /* Foundation.framework */ = {isa = PBXFileReference; lastKnownFileType = wrapper.framework; name = Foundation.framework; path = System/Library/Frameworks/Foundation.framework; sourceTree = SDKROOT; };
		F80F06D7192F529E00C3CAA2 /* CoreGraphics.framework */ = {isa = PBXFileReference; lastKnownFileType = wrapper.framework; name = CoreGraphics.framework; path = System/Library/Frameworks/CoreGraphics.framework; sourceTree = SDKROOT; };
		F80F06D9192F529E00C3CAA2 /* UIKit.framework */ = {isa = PBXFileReference; lastKnownFileType = wrapper.framework; name = UIKit.framework; path = System/Library/Frameworks/UIKit.framework; sourceTree = SDKROOT; };
		F80F06DD192F529E00C3CAA2 /* collectionViews-Info.plist */ = {isa = PBXFileReference; lastKnownFileType = text.plist.xml; path = "collectionViews-Info.plist"; sourceTree = "<group>"; };
		F80F06DF192F529E00C3CAA2 /* en */ = {isa = PBXFileReference; lastKnownFileType = text.plist.strings; name = en; path = en.lproj/InfoPlist.strings; sourceTree = "<group>"; };
		F80F06E1192F529E00C3CAA2 /* main.m */ = {isa = PBXFileReference; lastKnownFileType = sourcecode.c.objc; path = main.m; sourceTree = "<group>"; };
		F80F06E3192F529E00C3CAA2 /* collectionViews-Prefix.pch */ = {isa = PBXFileReference; lastKnownFileType = sourcecode.c.h; path = "collectionViews-Prefix.pch"; sourceTree = "<group>"; };
		F80F06E4192F529E00C3CAA2 /* XXAppDelegate.h */ = {isa = PBXFileReference; lastKnownFileType = sourcecode.c.h; path = XXAppDelegate.h; sourceTree = "<group>"; };
		F80F06E5192F529E00C3CAA2 /* XXAppDelegate.m */ = {isa = PBXFileReference; lastKnownFileType = sourcecode.c.objc; path = XXAppDelegate.m; sourceTree = "<group>"; };
		F80F06E7192F529E00C3CAA2 /* Images.xcassets */ = {isa = PBXFileReference; lastKnownFileType = folder.assetcatalog; path = Images.xcassets; sourceTree = "<group>"; };
		F80F06ED192F529E00C3CAA2 /* collectionViewsTests.xctest */ = {isa = PBXFileReference; explicitFileType = wrapper.cfbundle; includeInIndex = 0; path = collectionViewsTests.xctest; sourceTree = BUILT_PRODUCTS_DIR; };
		F80F06EE192F529E00C3CAA2 /* XCTest.framework */ = {isa = PBXFileReference; lastKnownFileType = wrapper.framework; name = XCTest.framework; path = Library/Frameworks/XCTest.framework; sourceTree = DEVELOPER_DIR; };
		F80F06F6192F529E00C3CAA2 /* collectionViewsTests-Info.plist */ = {isa = PBXFileReference; lastKnownFileType = text.plist.xml; path = "collectionViewsTests-Info.plist"; sourceTree = "<group>"; };
		F80F06F8192F529E00C3CAA2 /* en */ = {isa = PBXFileReference; lastKnownFileType = text.plist.strings; name = en; path = en.lproj/InfoPlist.strings; sourceTree = "<group>"; };
		F80F06FA192F529E00C3CAA2 /* collectionViewsTests.m */ = {isa = PBXFileReference; lastKnownFileType = sourcecode.c.objc; path = collectionViewsTests.m; sourceTree = "<group>"; };
/* End PBXFileReference section */

/* Begin PBXFrameworksBuildPhase section */
		F80F06CF192F529E00C3CAA2 /* Frameworks */ = {
			isa = PBXFrameworksBuildPhase;
			buildActionMask = 2147483647;
			files = (
				F80F06D8192F529E00C3CAA2 /* CoreGraphics.framework in Frameworks */,
				F80F06DA192F529E00C3CAA2 /* UIKit.framework in Frameworks */,
				F80F06D6192F529E00C3CAA2 /* Foundation.framework in Frameworks */,
			);
			runOnlyForDeploymentPostprocessing = 0;
		};
		F80F06EA192F529E00C3CAA2 /* Frameworks */ = {
			isa = PBXFrameworksBuildPhase;
			buildActionMask = 2147483647;
			files = (
				F80F06EF192F529E00C3CAA2 /* XCTest.framework in Frameworks */,
				F80F06F1192F529E00C3CAA2 /* UIKit.framework in Frameworks */,
				F80F06F0192F529E00C3CAA2 /* Foundation.framework in Frameworks */,
			);
			runOnlyForDeploymentPostprocessing = 0;
		};
/* End PBXFrameworksBuildPhase section */

/* Begin PBXGroup section */
		F80F06C9192F529E00C3CAA2 = {
			isa = PBXGroup;
			children = (
				F80F06DB192F529E00C3CAA2 /* collectionViews */,
				F80F06F4192F529E00C3CAA2 /* collectionViewsTests */,
				F80F06D4192F529E00C3CAA2 /* Frameworks */,
				F80F06D3192F529E00C3CAA2 /* Products */,
			);
			sourceTree = "<group>";
		};
		F80F06D3192F529E00C3CAA2 /* Products */ = {
			isa = PBXGroup;
			children = (
				F80F06D2192F529E00C3CAA2 /* collectionViews.app */,
				F80F06ED192F529E00C3CAA2 /* collectionViewsTests.xctest */,
			);
			name = Products;
			sourceTree = "<group>";
		};
		F80F06D4192F529E00C3CAA2 /* Frameworks */ = {
			isa = PBXGroup;
			children = (
				F80F06D5192F529E00C3CAA2 /* Foundation.framework */,
				F80F06D7192F529E00C3CAA2 /* CoreGraphics.framework */,
				F80F06D9192F529E00C3CAA2 /* UIKit.framework */,
				F80F06EE192F529E00C3CAA2 /* XCTest.framework */,
			);
			name = Frameworks;
			sourceTree = "<group>";
		};
		F80F06DB192F529E00C3CAA2 /* collectionViews */ = {
			isa = PBXGroup;
			children = (
				F80F06E4192F529E00C3CAA2 /* XXAppDelegate.h */,
				F80F06E5192F529E00C3CAA2 /* XXAppDelegate.m */,
				F80F06E7192F529E00C3CAA2 /* Images.xcassets */,
				F80F06DC192F529E00C3CAA2 /* Supporting Files */,
			);
			path = collectionViews;
			sourceTree = "<group>";
		};
		F80F06DC192F529E00C3CAA2 /* Supporting Files */ = {
			isa = PBXGroup;
			children = (
				F80F06DD192F529E00C3CAA2 /* collectionViews-Info.plist */,
				F80F06DE192F529E00C3CAA2 /* InfoPlist.strings */,
				F80F06E1192F529E00C3CAA2 /* main.m */,
				F80F06E3192F529E00C3CAA2 /* collectionViews-Prefix.pch */,
			);
			name = "Supporting Files";
			sourceTree = "<group>";
		};
		F80F06F4192F529E00C3CAA2 /* collectionViewsTests */ = {
			isa = PBXGroup;
			children = (
				F80F06FA192F529E00C3CAA2 /* collectionViewsTests.m */,
				F80F06F5192F529E00C3CAA2 /* Supporting Files */,
			);
			path = collectionViewsTests;
			sourceTree = "<group>";
		};
		F80F06F5192F529E00C3CAA2 /* Supporting Files */ = {
			isa = PBXGroup;
			children = (
				F80F06F6192F529E00C3CAA2 /* collectionViewsTests-Info.plist */,
				F80F06F7192F529E00C3CAA2 /* InfoPlist.strings */,
			);
			name = "Supporting Files";
			sourceTree = "<group>";
		};
/* End PBXGroup section */

/* Begin PBXNativeTarget section */
		F80F06D1192F529E00C3CAA2 /* collectionViews */ = {
			isa = PBXNativeTarget;
			buildConfigurationList = F80F06FE192F529E00C3CAA2 /* Build configuration list for PBXNativeTarget "collectionViews" */;
			buildPhases = (
				F80F06CE192F529E00C3CAA2 /* Sources */,
				F80F06CF192F529E00C3CAA2 /* Frameworks */,
				F80F06D0192F529E00C3CAA2 /* Resources */,
			);
			buildRules = (
			);
			dependencies = (
			);
			name = collectionViews;
			productName = collectionViews;
			productReference = F80F06D2192F529E00C3CAA2 /* collectionViews.app */;
			productType = "com.apple.product-type.application";
		};
		F80F06EC192F529E00C3CAA2 /* collectionViewsTests */ = {
			isa = PBXNativeTarget;
			buildConfigurationList = F80F0701192F529E00C3CAA2 /* Build configuration list for PBXNativeTarget "collectionViewsTests" */;
			buildPhases = (
				F80F06E9192F529E00C3CAA2 /* Sources */,
				F80F06EA192F529E00C3CAA2 /* Frameworks */,
				F80F06EB192F529E00C3CAA2 /* Resources */,
			);
			buildRules = (
			);
			dependencies = (
				F80F06F3192F529E00C3CAA2 /* PBXTargetDependency */,
			);
			name = collectionViewsTests;
			productName = collectionViewsTests;
			productReference = F80F06ED192F529E00C3CAA2 /* collectionViewsTests.xctest */;
			productType = "com.apple.product-type.bundle.unit-test";
		};
/* End PBXNativeTarget section */

/* Begin PBXProject section */
		F80F06CA192F529E00C3CAA2 /* Project object */ = {
			isa = PBXProject;
			attributes = {
				CLASSPREFIX = XX;
				LastUpgradeCheck = 0510;
				ORGANIZATIONNAME = xiazer;
				TargetAttributes = {
					F80F06EC192F529E00C3CAA2 = {
						TestTargetID = F80F06D1192F529E00C3CAA2;
					};
				};
			};
			buildConfigurationList = F80F06CD192F529E00C3CAA2 /* Build configuration list for PBXProject "collectionViews" */;
			compatibilityVersion = "Xcode 3.2";
			developmentRegion = English;
			hasScannedForEncodings = 0;
			knownRegions = (
				en,
			);
			mainGroup = F80F06C9192F529E00C3CAA2;
			productRefGroup = F80F06D3192F529E00C3CAA2 /* Products */;
			projectDirPath = "";
			projectRoot = "";
			targets = (
				F80F06D1192F529E00C3CAA2 /* collectionViews */,
				F80F06EC192F529E00C3CAA2 /* collectionViewsTests */,
			);
		};
/* End PBXProject section */

/* Begin PBXResourcesBuildPhase section */
		F80F06D0192F529E00C3CAA2 /* Resources */ = {
			isa = PBXResourcesBuildPhase;
			buildActionMask = 2147483647;
			files = (
				F80F06E0192F529E00C3CAA2 /* InfoPlist.strings in Resources */,
				F80F06E8192F529E00C3CAA2 /* Images.xcassets in Resources */,
			);
			runOnlyForDeploymentPostprocessing = 0;
		};
		F80F06EB192F529E00C3CAA2 /* Resources */ = {
			isa = PBXResourcesBuildPhase;
			buildActionMask = 2147483647;
			files = (
				F80F06F9192F529E00C3CAA2 /* InfoPlist.strings in Resources */,
			);
			runOnlyForDeploymentPostprocessing = 0;
		};
/* End PBXResourcesBuildPhase section */

/* Begin PBXSourcesBuildPhase section */
		F80F06CE192F529E00C3CAA2 /* Sources */ = {
			isa = PBXSourcesBuildPhase;
			buildActionMask = 2147483647;
			files = (
				F80F06E6192F529E00C3CAA2 /* XXAppDelegate.m in Sources */,
				F80F06E2192F529E00C3CAA2 /* main.m in Sources */,
			);
			runOnlyForDeploymentPostprocessing = 0;
		};
		F80F06E9192F529E00C3CAA2 /* Sources */ = {
			isa = PBXSourcesBuildPhase;
			buildActionMask = 2147483647;
			files = (
				F80F06FB192F529E00C3CAA2 /* collectionViewsTests.m in Sources */,
			);
			runOnlyForDeploymentPostprocessing = 0;
		};
/* End PBXSourcesBuildPhase section */

/* Begin PBXTargetDependency section */
		F80F06F3192F529E00C3CAA2 /* PBXTargetDependency */ = {
			isa = PBXTargetDependency;
			target = F80F06D1192F529E00C3CAA2 /* collectionViews */;
			targetProxy = F80F06F2192F529E00C3CAA2 /* PBXContainerItemProxy */;
		};
/* End PBXTargetDependency section */

/* Begin PBXVariantGroup section */
		F80F06DE192F529E00C3CAA2 /* InfoPlist.strings */ = {
			isa = PBXVariantGroup;
			children = (
				F80F06DF192F529E00C3CAA2 /* en */,
			);
			name = InfoPlist.strings;
			sourceTree = "<group>";
		};
		F80F06F7192F529E00C3CAA2 /* InfoPlist.strings */ = {
			isa = PBXVariantGroup;
			children = (
				F80F06F8192F529E00C3CAA2 /* en */,
			);
			name = InfoPlist.strings;
			sourceTree = "<group>";
		};
/* End PBXVariantGroup section */

/* Begin XCBuildConfiguration section */
		F80F06FC192F529E00C3CAA2 /* Debug */ = {
			isa = XCBuildConfiguration;
			buildSettings = {
				ALWAYS_SEARCH_USER_PATHS = NO;
				CLANG_CXX_LANGUAGE_STANDARD = "gnu++0x";
				CLANG_CXX_LIBRARY = "libc++";
				CLANG_ENABLE_MODULES = YES;
				CLANG_ENABLE_OBJC_ARC = YES;
				CLANG_WARN_BOOL_CONVERSION = YES;
				CLANG_WARN_CONSTANT_CONVERSION = YES;
				CLANG_WARN_DIRECT_OBJC_ISA_USAGE = YES_ERROR;
				CLANG_WARN_EMPTY_BODY = YES;
				CLANG_WARN_ENUM_CONVERSION = YES;
				CLANG_WARN_INT_CONVERSION = YES;
				CLANG_WARN_OBJC_ROOT_CLASS = YES_ERROR;
				CLANG_WARN__DUPLICATE_METHOD_MATCH = YES;
				"CODE_SIGN_IDENTITY[sdk=iphoneos*]" = "iPhone Developer";
				COPY_PHASE_STRIP = NO;
				GCC_C_LANGUAGE_STANDARD = gnu99;
				GCC_DYNAMIC_NO_PIC = NO;
				GCC_OPTIMIZATION_LEVEL = 0;
				GCC_PREPROCESSOR_DEFINITIONS = (
					"DEBUG=1",
					"$(inherited)",
				);
				GCC_SYMBOLS_PRIVATE_EXTERN = NO;
				GCC_WARN_64_TO_32_BIT_CONVERSION = YES;
				GCC_WARN_ABOUT_RETURN_TYPE = YES_ERROR;
				GCC_WARN_UNDECLARED_SELECTOR = YES;
				GCC_WARN_UNINITIALIZED_AUTOS = YES_AGGRESSIVE;
				GCC_WARN_UNUSED_FUNCTION = YES;
				GCC_WARN_UNUSED_VARIABLE = YES;
				IPHONEOS_DEPLOYMENT_TARGET = 7.1;
				ONLY_ACTIVE_ARCH = YES;
				SDKROOT = iphoneos;
			};
			name = Debug;
		};
		F80F06FD192F529E00C3CAA2 /* Release */ = {
			isa = XCBuildConfiguration;
			buildSettings = {
				ALWAYS_SEARCH_USER_PATHS = NO;
				CLANG_CXX_LANGUAGE_STANDARD = "gnu++0x";
				CLANG_CXX_LIBRARY = "libc++";
				CLANG_ENABLE_MODULES = YES;
				CLANG_ENABLE_OBJC_ARC = YES;
				CLANG_WARN_BOOL_CONVERSION = YES;
				CLANG_WARN_CONSTANT_CONVERSION = YES;
				CLANG_WARN_DIRECT_OBJC_ISA_USAGE = YES_ERROR;
				CLANG_WARN_EMPTY_BODY = YES;
				CLANG_WARN_ENUM_CONVERSION = YES;
				CLANG_WARN_INT_CONVERSION = YES;
				CLANG_WARN_OBJC_ROOT_CLASS = YES_ERROR;
				CLANG_WARN__DUPLICATE_METHOD_MATCH = YES;
				"CODE_SIGN_IDENTITY[sdk=iphoneos*]" = "iPhone Developer";
				COPY_PHASE_STRIP = YES;
				ENABLE_NS_ASSERTIONS = NO;
				GCC_C_LANGUAGE_STANDARD = gnu99;
				GCC_WARN_64_TO_32_BIT_CONVERSION = YES;
				GCC_WARN_ABOUT_RETURN_TYPE = YES_ERROR;
				GCC_WARN_UNDECLARED_SELECTOR = YES;
				GCC_WARN_UNINITIALIZED_AUTOS = YES_AGGRESSIVE;
				GCC_WARN_UNUSED_FUNCTION = YES;
				GCC_WARN_UNUSED_VARIABLE = YES;
				IPHONEOS_DEPLOYMENT_TARGET = 7.1;
				SDKROOT = iphoneos;
				VALIDATE_PRODUCT = YES;
			};
			name = Release;
		};
		F80F06FF192F529E00C3CAA2 /* Debug */ = {
			isa = XCBuildConfiguration;
			buildSettings = {
				ASSETCATALOG_COMPILER_APPICON_NAME = AppIcon;
				ASSETCATALOG_COMPILER_LAUNCHIMAGE_NAME = LaunchImage;
				GCC_PRECOMPILE_PREFIX_HEADER = YES;
				GCC_PREFIX_HEADER = "collectionViews/collectionViews-Prefix.pch";
				INFOPLIST_FILE = "collectionViews/collectionViews-Info.plist";
				PRODUCT_NAME = "$(TARGET_NAME)";
				WRAPPER_EXTENSION = app;
			};
			name = Debug;
		};
		F80F0700192F529E00C3CAA2 /* Release */ = {
			isa = XCBuildConfiguration;
			buildSettings = {
				ASSETCATALOG_COMPILER_APPICON_NAME = AppIcon;
				ASSETCATALOG_COMPILER_LAUNCHIMAGE_NAME = LaunchImage;
				GCC_PRECOMPILE_PREFIX_HEADER = YES;
				GCC_PREFIX_HEADER = "collectionViews/collectionViews-Prefix.pch";
				INFOPLIST_FILE = "collectionViews/collectionViews-Info.plist";
				PRODUCT_NAME = "$(TARGET_NAME)";
				WRAPPER_EXTENSION = app;
			};
			name = Release;
		};
		F80F0702192F529E00C3CAA2 /* Debug */ = {
			isa = XCBuildConfiguration;
			buildSettings = {
				BUNDLE_LOADER = "$(BUILT_PRODUCTS_DIR)/collectionViews.app/collectionViews";
				FRAMEWORK_SEARCH_PATHS = (
					"$(SDKROOT)/Developer/Library/Frameworks",
					"$(inherited)",
					"$(DEVELOPER_FRAMEWORKS_DIR)",
				);
				GCC_PRECOMPILE_PREFIX_HEADER = YES;
				GCC_PREFIX_HEADER = "collectionViews/collectionViews-Prefix.pch";
				GCC_PREPROCESSOR_DEFINITIONS = (
					"DEBUG=1",
					"$(inherited)",
				);
				INFOPLIST_FILE = "collectionViewsTests/collectionViewsTests-Info.plist";
				PRODUCT_NAME = "$(TARGET_NAME)";
				TEST_HOST = "$(BUNDLE_LOADER)";
				WRAPPER_EXTENSION = xctest;
			};
			name = Debug;
		};
		F80F0703192F529E00C3CAA2 /* Release */ = {
			isa = XCBuildConfiguration;
			buildSettings = {
				BUNDLE_LOADER = "$(BUILT_PRODUCTS_DIR)/collectionViews.app/collectionViews";
				FRAMEWORK_SEARCH_PATHS = (
					"$(SDKROOT)/Developer/Library/Frameworks",
					"$(inherited)",
					"$(DEVELOPER_FRAMEWORKS_DIR)",
				);
				GCC_PRECOMPILE_PREFIX_HEADER = YES;
				GCC_PREFIX_HEADER = "collectionViews/collectionViews-Prefix.pch";
				INFOPLIST_FILE = "collectionViewsTests/collectionViewsTests-Info.plist";
				PRODUCT_NAME = "$(TARGET_NAME)";
				TEST_HOST = "$(BUNDLE_LOADER)";
				WRAPPER_EXTENSION = xctest;
			};
			name = Release;
		};
/* End XCBuildConfiguration section */

/* Begin XCConfigurationList section */
		F80F06CD192F529E00C3CAA2 /* Build configuration list for PBXProject "collectionViews" */ = {
			isa = XCConfigurationList;
			buildConfigurations = (
				F80F06FC192F529E00C3CAA2 /* Debug */,
				F80F06FD192F529E00C3CAA2 /* Release */,
			);
			defaultConfigurationIsVisible = 0;
			defaultConfigurationName = Release;
		};
		F80F06FE192F529E00C3CAA2 /* Build configuration list for PBXNativeTarget "collectionViews" */ = {
			isa = XCConfigurationList;
			buildConfigurations = (
				F80F06FF192F529E00C3CAA2 /* Debug */,
				F80F0700192F529E00C3CAA2 /* Release */,
			);
			defaultConfigurationIsVisible = 0;
		};
		F80F0701192F529E00C3CAA2 /* Build configuration list for PBXNativeTarget "collectionViewsTests" */ = {
			isa = XCConfigurationList;
			buildConfigurations = (
				F80F0702192F529E00C3CAA2 /* Debug */,
				F80F0703192F529E00C3CAA2 /* Release */,
			);
			defaultConfigurationIsVisible = 0;
		};
/* End XCConfigurationList section */
	};
	rootObject = F80F06CA192F529E00C3CAA2 /* Project object */;
}
